// !$*UTF8*$!
{
	archiveVersion = 1;
	classes = {
	};
	objectVersion = 52;
	objects = {

/* Begin PBXBuildFile section */
		F3D7F42D248CB5EF00E53F1A /* AppDelegate.swift in Sources */ = {isa = PBXBuildFile; fileRef = F3D7F42C248CB5EF00E53F1A /* AppDelegate.swift */; };
		F3D7F42F248CB5EF00E53F1A /* SceneDelegate.swift in Sources */ = {isa = PBXBuildFile; fileRef = F3D7F42E248CB5EF00E53F1A /* SceneDelegate.swift */; };
		F3D7F433248CB5EF00E53F1A /* Assets.xcassets in Resources */ = {isa = PBXBuildFile; fileRef = F3D7F432248CB5EF00E53F1A /* Assets.xcassets */; };
		F3D7F436248CB5EF00E53F1A /* Preview Assets.xcassets in Resources */ = {isa = PBXBuildFile; fileRef = F3D7F435248CB5EF00E53F1A /* Preview Assets.xcassets */; };
		F3D7F440248CB62200E53F1A /* CypherPoetSwiftUIKit in Frameworks */ = {isa = PBXBuildFile; productRef = F3D7F43F248CB62200E53F1A /* CypherPoetSwiftUIKit */; };
		F3D7F448248CB80500E53F1A /* LaunchScreen.storyboard in Resources */ = {isa = PBXBuildFile; fileRef = F3D7F446248CB80500E53F1A /* LaunchScreen.storyboard */; };
		F3D7F44A248CB83800E53F1A /* RootView.swift in Sources */ = {isa = PBXBuildFile; fileRef = F3D7F449248CB83800E53F1A /* RootView.swift */; };
		F3D7F44D248CB8B100E53F1A /* PreviewUtilsExamples.swift in Sources */ = {isa = PBXBuildFile; fileRef = F3D7F44C248CB8B100E53F1A /* PreviewUtilsExamples.swift */; };
		F3D7F44F248CB9BB00E53F1A /* PreviewUtils_DevicesNamesExample.swift in Sources */ = {isa = PBXBuildFile; fileRef = F3D7F44E248CB9BB00E53F1A /* PreviewUtils_DevicesNamesExample.swift */; };
		F3D7F451248CBA6800E53F1A /* PreviewUtils_ScreenPreviewHelperExample.swift in Sources */ = {isa = PBXBuildFile; fileRef = F3D7F450248CBA6700E53F1A /* PreviewUtils_ScreenPreviewHelperExample.swift */; };
/* End PBXBuildFile section */

/* Begin PBXFileReference section */
		F3D7F42A248CB5EE00E53F1A /* iOSExample.app */ = {isa = PBXFileReference; explicitFileType = wrapper.application; includeInIndex = 0; path = iOSExample.app; sourceTree = BUILT_PRODUCTS_DIR; };
		F3D7F42C248CB5EF00E53F1A /* AppDelegate.swift */ = {isa = PBXFileReference; lastKnownFileType = sourcecode.swift; path = AppDelegate.swift; sourceTree = "<group>"; };
		F3D7F42E248CB5EF00E53F1A /* SceneDelegate.swift */ = {isa = PBXFileReference; lastKnownFileType = sourcecode.swift; path = SceneDelegate.swift; sourceTree = "<group>"; };
		F3D7F432248CB5EF00E53F1A /* Assets.xcassets */ = {isa = PBXFileReference; lastKnownFileType = folder.assetcatalog; path = Assets.xcassets; sourceTree = "<group>"; };
		F3D7F435248CB5EF00E53F1A /* Preview Assets.xcassets */ = {isa = PBXFileReference; lastKnownFileType = folder.assetcatalog; path = "Preview Assets.xcassets"; sourceTree = "<group>"; };
		F3D7F43A248CB5EF00E53F1A /* Info.plist */ = {isa = PBXFileReference; lastKnownFileType = text.plist.xml; path = Info.plist; sourceTree = "<group>"; };
		F3D7F447248CB80500E53F1A /* Base */ = {isa = PBXFileReference; lastKnownFileType = file.storyboard; name = Base; path = iOSExample/Base.lproj/LaunchScreen.storyboard; sourceTree = SOURCE_ROOT; };
		F3D7F449248CB83800E53F1A /* RootView.swift */ = {isa = PBXFileReference; lastKnownFileType = sourcecode.swift; path = RootView.swift; sourceTree = "<group>"; };
		F3D7F44C248CB8B100E53F1A /* PreviewUtilsExamples.swift */ = {isa = PBXFileReference; lastKnownFileType = sourcecode.swift; path = PreviewUtilsExamples.swift; sourceTree = "<group>"; };
		F3D7F44E248CB9BB00E53F1A /* PreviewUtils_DevicesNamesExample.swift */ = {isa = PBXFileReference; lastKnownFileType = sourcecode.swift; path = PreviewUtils_DevicesNamesExample.swift; sourceTree = "<group>"; };
		F3D7F450248CBA6700E53F1A /* PreviewUtils_ScreenPreviewHelperExample.swift */ = {isa = PBXFileReference; lastKnownFileType = sourcecode.swift; path = PreviewUtils_ScreenPreviewHelperExample.swift; sourceTree = "<group>"; };
/* End PBXFileReference section */

/* Begin PBXFrameworksBuildPhase section */
		F3D7F427248CB5EE00E53F1A /* Frameworks */ = {
			isa = PBXFrameworksBuildPhase;
			buildActionMask = 2147483647;
			files = (
				F3D7F440248CB62200E53F1A /* CypherPoetSwiftUIKit in Frameworks */,
			);
			runOnlyForDeploymentPostprocessing = 0;
		};
/* End PBXFrameworksBuildPhase section */

/* Begin PBXGroup section */
		F3D7F406248CB59D00E53F1A = {
			isa = PBXGroup;
			children = (
				F3D7F42B248CB5EF00E53F1A /* iOSExample */,
				F3D7F410248CB59D00E53F1A /* Products */,
				F3D7F43E248CB62200E53F1A /* Frameworks */,
			);
			sourceTree = "<group>";
		};
		F3D7F410248CB59D00E53F1A /* Products */ = {
			isa = PBXGroup;
			children = (
				F3D7F42A248CB5EE00E53F1A /* iOSExample.app */,
			);
			name = Products;
			sourceTree = "<group>";
		};
		F3D7F42B248CB5EF00E53F1A /* iOSExample */ = {
			isa = PBXGroup;
			children = (
				F3D7F43A248CB5EF00E53F1A /* Info.plist */,
				F3D7F441248CB78E00E53F1A /* App */,
				F3D7F434248CB5EF00E53F1A /* Preview Content */,
				F3D7F444248CB79900E53F1A /* Resources */,
				F3D7F445248CB79D00E53F1A /* Reusables */,
				F3D7F443248CB79600E53F1A /* Scenes */,
			);
			path = iOSExample;
			sourceTree = "<group>";
		};
		F3D7F434248CB5EF00E53F1A /* Preview Content */ = {
			isa = PBXGroup;
			children = (
				F3D7F435248CB5EF00E53F1A /* Preview Assets.xcassets */,
			);
			path = "Preview Content";
			sourceTree = "<group>";
		};
		F3D7F43E248CB62200E53F1A /* Frameworks */ = {
			isa = PBXGroup;
			children = (
			);
			name = Frameworks;
			sourceTree = "<group>";
		};
		F3D7F441248CB78E00E53F1A /* App */ = {
			isa = PBXGroup;
			children = (
				F3D7F42C248CB5EF00E53F1A /* AppDelegate.swift */,
				F3D7F42E248CB5EF00E53F1A /* SceneDelegate.swift */,
				F3D7F446248CB80500E53F1A /* LaunchScreen.storyboard */,
			);
			path = App;
			sourceTree = "<group>";
		};
		F3D7F443248CB79600E53F1A /* Scenes */ = {
			isa = PBXGroup;
			children = (
				F3D7F449248CB83800E53F1A /* RootView.swift */,
				F3D7F44B248CB8A900E53F1A /* Preview Utils */,
			);
			path = Scenes;
			sourceTree = "<group>";
		};
		F3D7F444248CB79900E53F1A /* Resources */ = {
			isa = PBXGroup;
			children = (
				F3D7F432248CB5EF00E53F1A /* Assets.xcassets */,
			);
			path = Resources;
			sourceTree = "<group>";
		};
		F3D7F445248CB79D00E53F1A /* Reusables */ = {
			isa = PBXGroup;
			children = (
			);
			path = Reusables;
			sourceTree = "<group>";
		};
		F3D7F44B248CB8A900E53F1A /* Preview Utils */ = {
			isa = PBXGroup;
			children = (
				F3D7F44C248CB8B100E53F1A /* PreviewUtilsExamples.swift */,
				F3D7F44E248CB9BB00E53F1A /* PreviewUtils_DevicesNamesExample.swift */,
				F3D7F450248CBA6700E53F1A /* PreviewUtils_ScreenPreviewHelperExample.swift */,
			);
			path = "Preview Utils";
			sourceTree = "<group>";
		};
/* End PBXGroup section */

/* Begin PBXNativeTarget section */
		F3D7F429248CB5EE00E53F1A /* iOSExample */ = {
			isa = PBXNativeTarget;
			buildConfigurationList = F3D7F43B248CB5EF00E53F1A /* Build configuration list for PBXNativeTarget "iOSExample" */;
			buildPhases = (
				F3D7F426248CB5EE00E53F1A /* Sources */,
				F3D7F427248CB5EE00E53F1A /* Frameworks */,
				F3D7F428248CB5EE00E53F1A /* Resources */,
			);
			buildRules = (
			);
			dependencies = (
			);
			name = iOSExample;
			packageProductDependencies = (
				F3D7F43F248CB62200E53F1A /* CypherPoetSwiftUIKit */,
			);
			productName = iOSExample;
			productReference = F3D7F42A248CB5EE00E53F1A /* iOSExample.app */;
			productType = "com.apple.product-type.application";
		};
/* End PBXNativeTarget section */

/* Begin PBXProject section */
		F3D7F407248CB59D00E53F1A /* Project object */ = {
			isa = PBXProject;
			attributes = {
				LastSwiftUpdateCheck = 1150;
				LastUpgradeCheck = 1150;
				ORGANIZATIONNAME = CypherPoet;
				TargetAttributes = {
					F3D7F429248CB5EE00E53F1A = {
						CreatedOnToolsVersion = 11.5;
					};
				};
			};
			buildConfigurationList = F3D7F40A248CB59D00E53F1A /* Build configuration list for PBXProject "CypherPoetSwiftUIKitExamples" */;
			compatibilityVersion = "Xcode 9.3";
			developmentRegion = en;
			hasScannedForEncodings = 0;
			knownRegions = (
				en,
				Base,
			);
			mainGroup = F3D7F406248CB59D00E53F1A;
			productRefGroup = F3D7F410248CB59D00E53F1A /* Products */;
			projectDirPath = "";
			projectRoot = "";
			targets = (
				F3D7F429248CB5EE00E53F1A /* iOSExample */,
			);
		};
/* End PBXProject section */

/* Begin PBXResourcesBuildPhase section */
		F3D7F428248CB5EE00E53F1A /* Resources */ = {
			isa = PBXResourcesBuildPhase;
			buildActionMask = 2147483647;
			files = (
				F3D7F448248CB80500E53F1A /* LaunchScreen.storyboard in Resources */,
				F3D7F436248CB5EF00E53F1A /* Preview Assets.xcassets in Resources */,
				F3D7F433248CB5EF00E53F1A /* Assets.xcassets in Resources */,
			);
			runOnlyForDeploymentPostprocessing = 0;
		};
/* End PBXResourcesBuildPhase section */

/* Begin PBXSourcesBuildPhase section */
		F3D7F426248CB5EE00E53F1A /* Sources */ = {
			isa = PBXSourcesBuildPhase;
			buildActionMask = 2147483647;
			files = (
				F3D7F451248CBA6800E53F1A /* PreviewUtils_ScreenPreviewHelperExample.swift in Sources */,
				F3D7F42D248CB5EF00E53F1A /* AppDelegate.swift in Sources */,
				F3D7F42F248CB5EF00E53F1A /* SceneDelegate.swift in Sources */,
				F3D7F44A248CB83800E53F1A /* RootView.swift in Sources */,
				F3D7F44D248CB8B100E53F1A /* PreviewUtilsExamples.swift in Sources */,
				F3D7F44F248CB9BB00E53F1A /* PreviewUtils_DevicesNamesExample.swift in Sources */,
			);
			runOnlyForDeploymentPostprocessing = 0;
		};
/* End PBXSourcesBuildPhase section */

/* Begin PBXVariantGroup section */
		F3D7F446248CB80500E53F1A /* LaunchScreen.storyboard */ = {
			isa = PBXVariantGroup;
			children = (
				F3D7F447248CB80500E53F1A /* Base */,
			);
			name = LaunchScreen.storyboard;
			sourceTree = "<group>";
		};
/* End PBXVariantGroup section */

/* Begin XCBuildConfiguration section */
		F3D7F421248CB59E00E53F1A /* Debug */ = {
			isa = XCBuildConfiguration;
			buildSettings = {
				ALWAYS_SEARCH_USER_PATHS = NO;
				CLANG_ANALYZER_NONNULL = YES;
				CLANG_ANALYZER_NUMBER_OBJECT_CONVERSION = YES_AGGRESSIVE;
				CLANG_CXX_LANGUAGE_STANDARD = "gnu++14";
				CLANG_CXX_LIBRARY = "libc++";
				CLANG_ENABLE_MODULES = YES;
				CLANG_ENABLE_OBJC_ARC = YES;
				CLANG_ENABLE_OBJC_WEAK = YES;
				CLANG_WARN_BLOCK_CAPTURE_AUTORELEASING = YES;
				CLANG_WARN_BOOL_CONVERSION = YES;
				CLANG_WARN_COMMA = YES;
				CLANG_WARN_CONSTANT_CONVERSION = YES;
				CLANG_WARN_DEPRECATED_OBJC_IMPLEMENTATIONS = YES;
				CLANG_WARN_DIRECT_OBJC_ISA_USAGE = YES_ERROR;
				CLANG_WARN_DOCUMENTATION_COMMENTS = YES;
				CLANG_WARN_EMPTY_BODY = YES;
				CLANG_WARN_ENUM_CONVERSION = YES;
				CLANG_WARN_INFINITE_RECURSION = YES;
				CLANG_WARN_INT_CONVERSION = YES;
				CLANG_WARN_NON_LITERAL_NULL_CONVERSION = YES;
				CLANG_WARN_OBJC_IMPLICIT_RETAIN_SELF = YES;
				CLANG_WARN_OBJC_LITERAL_CONVERSION = YES;
				CLANG_WARN_OBJC_ROOT_CLASS = YES_ERROR;
				CLANG_WARN_RANGE_LOOP_ANALYSIS = YES;
				CLANG_WARN_STRICT_PROTOTYPES = YES;
				CLANG_WARN_SUSPICIOUS_MOVE = YES;
				CLANG_WARN_UNGUARDED_AVAILABILITY = YES_AGGRESSIVE;
				CLANG_WARN_UNREACHABLE_CODE = YES;
				CLANG_WARN__DUPLICATE_METHOD_MATCH = YES;
				COPY_PHASE_STRIP = NO;
				DEBUG_INFORMATION_FORMAT = dwarf;
				ENABLE_STRICT_OBJC_MSGSEND = YES;
				ENABLE_TESTABILITY = YES;
				GCC_C_LANGUAGE_STANDARD = gnu11;
				GCC_DYNAMIC_NO_PIC = NO;
				GCC_NO_COMMON_BLOCKS = YES;
				GCC_OPTIMIZATION_LEVEL = 0;
				GCC_PREPROCESSOR_DEFINITIONS = (
					"DEBUG=1",
					"$(inherited)",
				);
				GCC_WARN_64_TO_32_BIT_CONVERSION = YES;
				GCC_WARN_ABOUT_RETURN_TYPE = YES_ERROR;
				GCC_WARN_UNDECLARED_SELECTOR = YES;
				GCC_WARN_UNINITIALIZED_AUTOS = YES_AGGRESSIVE;
				GCC_WARN_UNUSED_FUNCTION = YES;
				GCC_WARN_UNUSED_VARIABLE = YES;
				IPHONEOS_DEPLOYMENT_TARGET = 13.5;
				MTL_ENABLE_DEBUG_INFO = INCLUDE_SOURCE;
				MTL_FAST_MATH = YES;
				ONLY_ACTIVE_ARCH = YES;
				SDKROOT = iphoneos;
				SWIFT_ACTIVE_COMPILATION_CONDITIONS = DEBUG;
				SWIFT_OPTIMIZATION_LEVEL = "-Onone";
			};
			name = Debug;
		};
		F3D7F422248CB59E00E53F1A /* Release */ = {
			isa = XCBuildConfiguration;
			buildSettings = {
				ALWAYS_SEARCH_USER_PATHS = NO;
				CLANG_ANALYZER_NONNULL = YES;
				CLANG_ANALYZER_NUMBER_OBJECT_CONVERSION = YES_AGGRESSIVE;
				CLANG_CXX_LANGUAGE_STANDARD = "gnu++14";
				CLANG_CXX_LIBRARY = "libc++";
				CLANG_ENABLE_MODULES = YES;
				CLANG_ENABLE_OBJC_ARC = YES;
				CLANG_ENABLE_OBJC_WEAK = YES;
				CLANG_WARN_BLOCK_CAPTURE_AUTORELEASING = YES;
				CLANG_WARN_BOOL_CONVERSION = YES;
				CLANG_WARN_COMMA = YES;
				CLANG_WARN_CONSTANT_CONVERSION = YES;
				CLANG_WARN_DEPRECATED_OBJC_IMPLEMENTATIONS = YES;
				CLANG_WARN_DIRECT_OBJC_ISA_USAGE = YES_ERROR;
				CLANG_WARN_DOCUMENTATION_COMMENTS = YES;
				CLANG_WARN_EMPTY_BODY = YES;
				CLANG_WARN_ENUM_CONVERSION = YES;
				CLANG_WARN_INFINITE_RECURSION = YES;
				CLANG_WARN_INT_CONVERSION = YES;
				CLANG_WARN_NON_LITERAL_NULL_CONVERSION = YES;
				CLANG_WARN_OBJC_IMPLICIT_RETAIN_SELF = YES;
				CLANG_WARN_OBJC_LITERAL_CONVERSION = YES;
				CLANG_WARN_OBJC_ROOT_CLASS = YES_ERROR;
				CLANG_WARN_RANGE_LOOP_ANALYSIS = YES;
				CLANG_WARN_STRICT_PROTOTYPES = YES;
				CLANG_WARN_SUSPICIOUS_MOVE = YES;
				CLANG_WARN_UNGUARDED_AVAILABILITY = YES_AGGRESSIVE;
				CLANG_WARN_UNREACHABLE_CODE = YES;
				CLANG_WARN__DUPLICATE_METHOD_MATCH = YES;
				COPY_PHASE_STRIP = NO;
				DEBUG_INFORMATION_FORMAT = "dwarf-with-dsym";
				ENABLE_NS_ASSERTIONS = NO;
				ENABLE_STRICT_OBJC_MSGSEND = YES;
				GCC_C_LANGUAGE_STANDARD = gnu11;
				GCC_NO_COMMON_BLOCKS = YES;
				GCC_WARN_64_TO_32_BIT_CONVERSION = YES;
				GCC_WARN_ABOUT_RETURN_TYPE = YES_ERROR;
				GCC_WARN_UNDECLARED_SELECTOR = YES;
				GCC_WARN_UNINITIALIZED_AUTOS = YES_AGGRESSIVE;
				GCC_WARN_UNUSED_FUNCTION = YES;
				GCC_WARN_UNUSED_VARIABLE = YES;
				IPHONEOS_DEPLOYMENT_TARGET = 13.5;
				MTL_ENABLE_DEBUG_INFO = NO;
				MTL_FAST_MATH = YES;
				SDKROOT = iphoneos;
				SWIFT_COMPILATION_MODE = wholemodule;
				SWIFT_OPTIMIZATION_LEVEL = "-O";
				VALIDATE_PRODUCT = YES;
			};
			name = Release;
		};
		F3D7F43C248CB5EF00E53F1A /* Debug */ = {
			isa = XCBuildConfiguration;
			buildSettings = {
				ASSETCATALOG_COMPILER_APPICON_NAME = AppIcon;
				CODE_SIGN_STYLE = Automatic;
				DEVELOPMENT_ASSET_PATHS = "\"iOSExample/Preview Content\"";
				DEVELOPMENT_TEAM = QRXXH2RKAG;
				ENABLE_PREVIEWS = YES;
				INFOPLIST_FILE = iOSExample/Info.plist;
				LD_RUNPATH_SEARCH_PATHS = (
					"$(inherited)",
					"@executable_path/Frameworks",
				);
				PRODUCT_BUNDLE_IDENTIFIER = io.github.cypherpoet.CyperPoetSwiftUIKitExamples.iOSExample;
				PRODUCT_NAME = "$(TARGET_NAME)";
				SWIFT_VERSION = 5.0;
				TARGETED_DEVICE_FAMILY = "1,2";
			};
			name = Debug;
		};
		F3D7F43D248CB5EF00E53F1A /* Release */ = {
			isa = XCBuildConfiguration;
			buildSettings = {
				ASSETCATALOG_COMPILER_APPICON_NAME = AppIcon;
				CODE_SIGN_STYLE = Automatic;
				DEVELOPMENT_ASSET_PATHS = "\"iOSExample/Preview Content\"";
				DEVELOPMENT_TEAM = QRXXH2RKAG;
				ENABLE_PREVIEWS = YES;
				INFOPLIST_FILE = iOSExample/Info.plist;
				LD_RUNPATH_SEARCH_PATHS = (
					"$(inherited)",
					"@executable_path/Frameworks",
				);
				PRODUCT_BUNDLE_IDENTIFIER = io.github.cypherpoet.CyperPoetSwiftUIKitExamples.iOSExample;
				PRODUCT_NAME = "$(TARGET_NAME)";
				SWIFT_VERSION = 5.0;
				TARGETED_DEVICE_FAMILY = "1,2";
			};
			name = Release;
		};
/* End XCBuildConfiguration section */

/* Begin XCConfigurationList section */
		F3D7F40A248CB59D00E53F1A /* Build configuration list for PBXProject "CypherPoetSwiftUIKitExamples" */ = {
			isa = XCConfigurationList;
			buildConfigurations = (
				F3D7F421248CB59E00E53F1A /* Debug */,
				F3D7F422248CB59E00E53F1A /* Release */,
			);
			defaultConfigurationIsVisible = 0;
			defaultConfigurationName = Release;
		};
		F3D7F43B248CB5EF00E53F1A /* Build configuration list for PBXNativeTarget "iOSExample" */ = {
			isa = XCConfigurationList;
			buildConfigurations = (
				F3D7F43C248CB5EF00E53F1A /* Debug */,
				F3D7F43D248CB5EF00E53F1A /* Release */,
			);
			defaultConfigurationIsVisible = 0;
			defaultConfigurationName = Release;
		};
/* End XCConfigurationList section */

/* Begin XCSwiftPackageProductDependency section */
		F3D7F43F248CB62200E53F1A /* CypherPoetSwiftUIKit */ = {
			isa = XCSwiftPackageProductDependency;
			productName = CypherPoetSwiftUIKit;
		};
/* End XCSwiftPackageProductDependency section */
	};
	rootObject = F3D7F407248CB59D00E53F1A /* Project object */;
}
