{
  "object": {
    "pins": [
      {
        "package": "CypherPoetReduxUtils",
        "repositoryURL": "https://github.com/CypherPoet/CypherPoetReduxUtils",
        "state": {
          "branch": null,
          "revision": "29c8e8d75a9fc1fddd8481151e500ac597ef7ed8",
          "version": "0.1.0"
        }
      }
    ]
  },
  "version": 1
}
